{
  "originHash" : "bcddafade5cc8fd5920b70ae8f6110381dd0cadabf82e2e7b1b99766d7817d26",
  "pins" : [
    {
      "identity" : "swift-argument-parser",
      "kind" : "remoteSourceControl",
      "location" : "https://github.com/apple/swift-argument-parser",
      "state" : {
        "revision" : "6a52f3251125d74daf04fcbd5e6f08a75d074382",
        "version" : "1.8.2"
      }
    },
    {
      "identity" : "swift-version-file-plugin",
      "kind" : "remoteSourceControl",
      "location" : "https://github.com/mgacy/swift-version-file-plugin.git",
      "state" : {
        "revision" : "a4f5882c4ecb8747234e349948b7984b967296de",
        "version" : "0.3.0"
      }
    }
  ],
  "version" : 3
}
